
Microsoft Visual Studio Solution File, Format Version 12.00
# Visual Studio Version 17
VisualStudioVersion = 17.9.34714.143
MinimumVisualStudioVersion = 10.0.40219.1
Project("{FAE04EC0-301F-11D3-BF4B-00C04F79EFBC}") = "XoshBank.Core", "XoshBank.Core.csproj", "{25C543D9-D122-4DEA-8502-231B8B4D5DC1}"
EndProject
Global
	GlobalSection(SolutionConfigurationPlatforms) = preSolution
		Debug|Any CPU = Debug|Any CPU
		Release|Any CPU = Release|Any CPU
	EndGlobalSection
	GlobalSection(ProjectConfigurationPlatforms) = postSolution
		{25C543D9-D122-4DEA-8502-231B8B4D5DC1}.Debug|Any CPU.ActiveCfg = Debug|Any CPU
		{25C543D9-D122-4DEA-8502-231B8B4D5DC1}.Debug|Any CPU.Build.0 = Debug|Any CPU
		{25C543D9-D122-4DEA-8502-231B8B4D5DC1}.Release|Any CPU.ActiveCfg = Release|Any CPU
		{25C543D9-D122-4DEA-8502-231B8B4D5DC1}.Release|Any CPU.Build.0 = Release|Any CPU
	EndGlobalSection
	GlobalSection(SolutionProperties) = preSolution
		HideSolutionNode = FALSE
	EndGlobalSection
	GlobalSection(ExtensibilityGlobals) = postSolution
		SolutionGuid = {A979063B-5CF0-4D38-8190-BEF46218494B}
	EndGlobalSection
EndGlobal
